
Microsoft Visual Studio Solution File, Format Version 12.00
# Visual Studio 2013
VisualStudioVersion = 12.0.31101.0
MinimumVisualStudioVersion = 10.0.40219.1
Project("{FAE04EC0-301F-11D3-BF4B-00C04F79EFBC}") = "AutoServiceSDK", "AutoServiceSDK\AutoServiceSDK.csproj", "{778BE1A8-0813-43A8-8263-1DDF34943AD5}"
EndProject
Project("{FAE04EC0-301F-11D3-BF4B-00C04F79EFBC}") = "AutoServiceManage", "AutoServiceManage\AutoServiceManage.csproj", "{4DB4A9E1-9192-4C04-B527-EDB441F33A42}"
EndProject
Project("{FAE04EC0-301F-11D3-BF4B-00C04F79EFBC}") = "SkynetAutoService", "SkynetAutoService\SkynetAutoService.csproj", "{0A27F121-27A2-4C50-8F10-E63F187EE42D}"
EndProject
Project("{FAE04EC0-301F-11D3-BF4B-00C04F79EFBC}") = "CameraReplay", "CameraReplay\CameraReplay.csproj", "{06F39287-7FAF-4BED-AA66-2785CD99E5E8}"
EndProject
Global
	GlobalSection(SolutionConfigurationPlatforms) = preSolution
		Debug|Any CPU = Debug|Any CPU
		Debug|Mixed Platforms = Debug|Mixed Platforms
		Debug|x86 = Debug|x86
		Release|Any CPU = Release|Any CPU
		Release|Mixed Platforms = Release|Mixed Platforms
		Release|x86 = Release|x86
	EndGlobalSection
	GlobalSection(ProjectConfigurationPlatforms) = postSolution
		{778BE1A8-0813-43A8-8263-1DDF34943AD5}.Debug|Any CPU.ActiveCfg = Debug|Any CPU
		{778BE1A8-0813-43A8-8263-1DDF34943AD5}.Debug|Any CPU.Build.0 = Debug|Any CPU
		{778BE1A8-0813-43A8-8263-1DDF34943AD5}.Debug|Mixed Platforms.ActiveCfg = Debug|Any CPU
		{778BE1A8-0813-43A8-8263-1DDF34943AD5}.Debug|Mixed Platforms.Build.0 = Debug|Any CPU
		{778BE1A8-0813-43A8-8263-1DDF34943AD5}.Debug|x86.ActiveCfg = Debug|Any CPU
		{778BE1A8-0813-43A8-8263-1DDF34943AD5}.Release|Any CPU.ActiveCfg = Release|Any CPU
		{778BE1A8-0813-43A8-8263-1DDF34943AD5}.Release|Any CPU.Build.0 = Release|Any CPU
		{778BE1A8-0813-43A8-8263-1DDF34943AD5}.Release|Mixed Platforms.ActiveCfg = Release|Any CPU
		{778BE1A8-0813-43A8-8263-1DDF34943AD5}.Release|Mixed Platforms.Build.0 = Release|Any CPU
		{778BE1A8-0813-43A8-8263-1DDF34943AD5}.Release|x86.ActiveCfg = Release|Any CPU
		{4DB4A9E1-9192-4C04-B527-EDB441F33A42}.Debug|Any CPU.ActiveCfg = Debug|Any CPU
		{4DB4A9E1-9192-4C04-B527-EDB441F33A42}.Debug|Any CPU.Build.0 = Debug|Any CPU
		{4DB4A9E1-9192-4C04-B527-EDB441F33A42}.Debug|Mixed Platforms.ActiveCfg = Debug|Any CPU
		{4DB4A9E1-9192-4C04-B527-EDB441F33A42}.Debug|Mixed Platforms.Build.0 = Debug|Any CPU
		{4DB4A9E1-9192-4C04-B527-EDB441F33A42}.Debug|x86.ActiveCfg = Debug|Any CPU
		{4DB4A9E1-9192-4C04-B527-EDB441F33A42}.Release|Any CPU.ActiveCfg = Release|Any CPU
		{4DB4A9E1-9192-4C04-B527-EDB441F33A42}.Release|Any CPU.Build.0 = Release|Any CPU
		{4DB4A9E1-9192-4C04-B527-EDB441F33A42}.Release|Mixed Platforms.ActiveCfg = Release|Any CPU
		{4DB4A9E1-9192-4C04-B527-EDB441F33A42}.Release|Mixed Platforms.Build.0 = Release|Any CPU
		{4DB4A9E1-9192-4C04-B527-EDB441F33A42}.Release|x86.ActiveCfg = Release|Any CPU
		{0A27F121-27A2-4C50-8F10-E63F187EE42D}.Debug|Any CPU.ActiveCfg = Debug|Any CPU
		{0A27F121-27A2-4C50-8F10-E63F187EE42D}.Debug|Any CPU.Build.0 = Debug|Any CPU
		{0A27F121-27A2-4C50-8F10-E63F187EE42D}.Debug|Mixed Platforms.ActiveCfg = Debug|Any CPU
		{0A27F121-27A2-4C50-8F10-E63F187EE42D}.Debug|Mixed Platforms.Build.0 = Debug|Any CPU
		{0A27F121-27A2-4C50-8F10-E63F187EE42D}.Debug|x86.ActiveCfg = Debug|Any CPU
		{0A27F121-27A2-4C50-8F10-E63F187EE42D}.Release|Any CPU.ActiveCfg = Release|Any CPU
		{0A27F121-27A2-4C50-8F10-E63F187EE42D}.Release|Any CPU.Build.0 = Release|Any CPU
		{0A27F121-27A2-4C50-8F10-E63F187EE42D}.Release|Mixed Platforms.ActiveCfg = Release|Any CPU
		{0A27F121-27A2-4C50-8F10-E63F187EE42D}.Release|Mixed Platforms.Build.0 = Release|Any CPU
		{0A27F121-27A2-4C50-8F10-E63F187EE42D}.Release|x86.ActiveCfg = Release|Any CPU
		{06F39287-7FAF-4BED-AA66-2785CD99E5E8}.Debug|Any CPU.ActiveCfg = Debug|x86
		{06F39287-7FAF-4BED-AA66-2785CD99E5E8}.Debug|Mixed Platforms.ActiveCfg = Debug|x86
		{06F39287-7FAF-4BED-AA66-2785CD99E5E8}.Debug|Mixed Platforms.Build.0 = Debug|x86
		{06F39287-7FAF-4BED-AA66-2785CD99E5E8}.Debug|x86.ActiveCfg = Debug|x86
		{06F39287-7FAF-4BED-AA66-2785CD99E5E8}.Debug|x86.Build.0 = Debug|x86
		{06F39287-7FAF-4BED-AA66-2785CD99E5E8}.Release|Any CPU.ActiveCfg = Release|x86
		{06F39287-7FAF-4BED-AA66-2785CD99E5E8}.Release|Mixed Platforms.ActiveCfg = Release|x86
		{06F39287-7FAF-4BED-AA66-2785CD99E5E8}.Release|Mixed Platforms.Build.0 = Release|x86
		{06F39287-7FAF-4BED-AA66-2785CD99E5E8}.Release|x86.ActiveCfg = Release|x86
		{06F39287-7FAF-4BED-AA66-2785CD99E5E8}.Release|x86.Build.0 = Release|x86
	EndGlobalSection
	GlobalSection(SolutionProperties) = preSolution
		HideSolutionNode = FALSE
	EndGlobalSection
EndGlobal
